
Microsoft Visual Studio Solution File, Format Version 12.00
# Visual Studio Version 17
VisualStudioVersion = 17.12.35707.178
MinimumVisualStudioVersion = 10.0.40219.1
Project("{FAE04EC0-301F-11D3-BF4B-00C04F79EFBC}") = "PruebaTecnicaArqHex", "PruebaTecnicaArqHex\PruebaTecnicaArqHex.csproj", "{027FAA5A-2620-497B-94E2-2C7B9CD94AD4}"
EndProject
Project("{FAE04EC0-301F-11D3-BF4B-00C04F79EFBC}") = "PruebaTenica.Shared", "PruebaTenica.Shared\PruebaTenica.Shared.csproj", "{302879B5-C074-4669-8752-66C38A585F68}"
EndProject
Project("{FAE04EC0-301F-11D3-BF4B-00C04F79EFBC}") = "BlazorPruebaTecnica.Client", "BlazorPruebaTecnica.Client\BlazorPruebaTecnica.Client.csproj", "{B2AFB555-B278-4DC3-A7C4-84199072BFFD}"
EndProject
Global
	GlobalSection(SolutionConfigurationPlatforms) = preSolution
		Debug|Any CPU = Debug|Any CPU
		Release|Any CPU = Release|Any CPU
	EndGlobalSection
	GlobalSection(ProjectConfigurationPlatforms) = postSolution
		{027FAA5A-2620-497B-94E2-2C7B9CD94AD4}.Debug|Any CPU.ActiveCfg = Debug|Any CPU
		{027FAA5A-2620-497B-94E2-2C7B9CD94AD4}.Debug|Any CPU.Build.0 = Debug|Any CPU
		{027FAA5A-2620-497B-94E2-2C7B9CD94AD4}.Release|Any CPU.ActiveCfg = Release|Any CPU
		{027FAA5A-2620-497B-94E2-2C7B9CD94AD4}.Release|Any CPU.Build.0 = Release|Any CPU
		{302879B5-C074-4669-8752-66C38A585F68}.Debug|Any CPU.ActiveCfg = Debug|Any CPU
		{302879B5-C074-4669-8752-66C38A585F68}.Debug|Any CPU.Build.0 = Debug|Any CPU
		{302879B5-C074-4669-8752-66C38A585F68}.Release|Any CPU.ActiveCfg = Release|Any CPU
		{302879B5-C074-4669-8752-66C38A585F68}.Release|Any CPU.Build.0 = Release|Any CPU
		{B2AFB555-B278-4DC3-A7C4-84199072BFFD}.Debug|Any CPU.ActiveCfg = Debug|Any CPU
		{B2AFB555-B278-4DC3-A7C4-84199072BFFD}.Debug|Any CPU.Build.0 = Debug|Any CPU
		{B2AFB555-B278-4DC3-A7C4-84199072BFFD}.Release|Any CPU.ActiveCfg = Release|Any CPU
		{B2AFB555-B278-4DC3-A7C4-84199072BFFD}.Release|Any CPU.Build.0 = Release|Any CPU
	EndGlobalSection
	GlobalSection(SolutionProperties) = preSolution
		HideSolutionNode = FALSE
	EndGlobalSection
EndGlobal
